{
  "nodes": {
    "nixpkgs": {
      "locked": {
        "lastModified": 1771369470,
        "narHash": "sha256-0NBlEBKkN3lufyvFegY4TYv5mCNHbi5OmBDrzihbBMQ=",
        "owner": "NixOS",
        "repo": "nixpkgs",
        "rev": "0182a361324364ae3f436a63005877674cf45efb",
        "type": "github"
      },
      "original": {
        "owner": "NixOS",
        "ref": "nixos-unstable",
        "repo": "nixpkgs",
        "type": "github"
      }
    },
    "root": {
      "inputs": {
        "tooling": "tooling"
      }
    },
    "rust-overlay": {
      "inputs": {
        "nixpkgs": [
          "tooling",
          "nixpkgs"
        ]
      },
      "locked": {
        "lastModified": 1771384185,
        "narHash": "sha256-KvmjUeA7uODwzbcQoN/B8DCZIbhT/Q/uErF1BBMcYnw=",
        "owner": "oxalica",
        "repo": "rust-overlay",
        "rev": "23dd7fa91602a68bd04847ac41bc10af1e6e2fd2",
        "type": "github"
      },
      "original": {
        "owner": "oxalica",
        "repo": "rust-overlay",
        "type": "github"
      }
    },
    "tooling": {
      "inputs": {
        "nixpkgs": "nixpkgs",
        "rust-overlay": "rust-overlay"
      },
      "locked": {
        "lastModified": 1758049156,
        "narHash": "sha256-1WwkfzlRgYs8YmDlflTqJvbKowZMtOW946dXdVCLgPM=",
        "owner": "mox-desktop",
        "repo": "tooling",
        "rev": "489521b7a1a38d76491c9b443e4af9beec7f0350",
        "type": "github"
      },
      "original": {
        "owner": "mox-desktop",
        "repo": "tooling",
        "type": "github"
      }
    }
  },
  "root": "root",
  "version": 7
}
